
Microsoft Visual Studio Solution File, Format Version 12.00
# Visual Studio Version 17
VisualStudioVersion = 17.5.002.0
MinimumVisualStudioVersion = 10.0.40219.1
Project("{9A19103F-16F7-4668-BE54-9A1E7A4F7556}") = "addj_payment", "addj_payment.csproj", "{48B0490C-2EF2-4297-8EEA-2C4DCB171C93}"
EndProject
Global
	GlobalSection(SolutionConfigurationPlatforms) = preSolution
		Debug|Any CPU = Debug|Any CPU
		Release|Any CPU = Release|Any CPU
	EndGlobalSection
	GlobalSection(ProjectConfigurationPlatforms) = postSolution
		{48B0490C-2EF2-4297-8EEA-2C4DCB171C93}.Debug|Any CPU.ActiveCfg = Debug|Any CPU
		{48B0490C-2EF2-4297-8EEA-2C4DCB171C93}.Debug|Any CPU.Build.0 = Debug|Any CPU
		{48B0490C-2EF2-4297-8EEA-2C4DCB171C93}.Release|Any CPU.ActiveCfg = Release|Any CPU
		{48B0490C-2EF2-4297-8EEA-2C4DCB171C93}.Release|Any CPU.Build.0 = Release|Any CPU
	EndGlobalSection
	GlobalSection(SolutionProperties) = preSolution
		HideSolutionNode = FALSE
	EndGlobalSection
	GlobalSection(ExtensibilityGlobals) = postSolution
		SolutionGuid = {36EB4CC0-E16E-4676-9F33-12D3E0974496}
	EndGlobalSection
EndGlobal
